{
  "name": "trial-rais7",
  "lockfileVersion": 2,
  "requires": true,
  "packages": {
    "": {
      "dependencies": {
        "daisyui": "^1.21.0"
      }
    },
    "node_modules/daisyui": {
      "version": "1.21.0",
      "resolved": "https://registry.npmjs.org/daisyui/-/daisyui-1.21.0.tgz",
      "integrity": "sha512-sdqSI6v/Xc6OsBrZbBKqZKpOCuQyc1foq9s5ZqT8Qdp92kIbR/FBNfTethDjLpvYBPpsohHLCvC0ddWr2OotYA=="
    }
  },
  "dependencies": {
    "daisyui": {
      "version": "1.21.0",
      "resolved": "https://registry.npmjs.org/daisyui/-/daisyui-1.21.0.tgz",
      "integrity": "sha512-sdqSI6v/Xc6OsBrZbBKqZKpOCuQyc1foq9s5ZqT8Qdp92kIbR/FBNfTethDjLpvYBPpsohHLCvC0ddWr2OotYA=="
    }
  }
}
