# THIS IS AN AUTOGENERATED FILE. DO NOT EDIT THIS FILE DIRECTLY.
# yarn lockfile v1


daisyui@^1.21.0:
  version "1.21.0"
  resolved "https://registry.yarnpkg.com/daisyui/-/daisyui-1.21.0.tgz#627239e076d05eddb164ef55823c35af15c878d9"
  integrity sha512-sdqSI6v/Xc6OsBrZbBKqZKpOCuQyc1foq9s5ZqT8Qdp92kIbR/FBNfTethDjLpvYBPpsohHLCvC0ddWr2OotYA==
